
Microsoft Visual Studio Solution File, Format Version 12.00
Project("{FAE04EC0-301F-11D3-BF4B-00C04F79EFBC}") = "Presentation", "Presentation\Presentation.csproj", "{6F502622-F3FF-41BC-8985-4361309D861D}"
EndProject
Project("{FAE04EC0-301F-11D3-BF4B-00C04F79EFBC}") = "Application", "..\Application\Application.csproj", "{1A34F287-9FF8-4105-A6DD-FF51E7C4CF6E}"
EndProject
Project("{FAE04EC0-301F-11D3-BF4B-00C04F79EFBC}") = "Infrastructure", "..\Infrastructure\Infrastructure.csproj", "{3378C7F5-482E-4F83-981E-60D7176D5336}"
EndProject
Global
	GlobalSection(SolutionConfigurationPlatforms) = preSolution
		Debug|Any CPU = Debug|Any CPU
		Release|Any CPU = Release|Any CPU
	EndGlobalSection
	GlobalSection(ProjectConfigurationPlatforms) = postSolution
		{6F502622-F3FF-41BC-8985-4361309D861D}.Debug|Any CPU.ActiveCfg = Debug|Any CPU
		{6F502622-F3FF-41BC-8985-4361309D861D}.Debug|Any CPU.Build.0 = Debug|Any CPU
		{6F502622-F3FF-41BC-8985-4361309D861D}.Release|Any CPU.ActiveCfg = Release|Any CPU
		{6F502622-F3FF-41BC-8985-4361309D861D}.Release|Any CPU.Build.0 = Release|Any CPU
		{1A34F287-9FF8-4105-A6DD-FF51E7C4CF6E}.Debug|Any CPU.ActiveCfg = Debug|Any CPU
		{1A34F287-9FF8-4105-A6DD-FF51E7C4CF6E}.Debug|Any CPU.Build.0 = Debug|Any CPU
		{1A34F287-9FF8-4105-A6DD-FF51E7C4CF6E}.Release|Any CPU.ActiveCfg = Release|Any CPU
		{1A34F287-9FF8-4105-A6DD-FF51E7C4CF6E}.Release|Any CPU.Build.0 = Release|Any CPU
		{3378C7F5-482E-4F83-981E-60D7176D5336}.Debug|Any CPU.ActiveCfg = Debug|Any CPU
		{3378C7F5-482E-4F83-981E-60D7176D5336}.Debug|Any CPU.Build.0 = Debug|Any CPU
		{3378C7F5-482E-4F83-981E-60D7176D5336}.Release|Any CPU.ActiveCfg = Release|Any CPU
		{3378C7F5-482E-4F83-981E-60D7176D5336}.Release|Any CPU.Build.0 = Release|Any CPU
	EndGlobalSection
EndGlobal
